github.com/gmlewis/gep v1.0.0 h1:qKHrhnuvPX+rrDaJRrDte22EQ22GvPgtTyN6O7M05us=
github.com/gmlewis/gep v1.0.0/go.mod h1:UcpF3uLKRDkCk3So3NTMJR7XOSnaYikqqW5Kvc+JMIo=
github.com/openai/gym-http-api v0.0.0-20170602151020-35c61771df77 h1:DYZfGerrJ9STp9syYheDxXJMpWDI4urgq5vUUj2403U=
github.com/openai/gym-http-api v0.0.0-20170602151020-35c61771df77/go.mod h1:RX3+TqCLS8hED2ue4qWfIlfbLthdIWBBpaWdfPKpB+E=
